// !$*UTF8*$!
{
	archiveVersion = 1;
	classes = {
	};
	objectVersion = 50;
	objects = {

/* Begin PBXBuildFile section */
		0C2DBF6926837413003C0BB1 /* PersonalWorkspaceCard.swift in Sources */ = {isa = PBXBuildFile; fileRef = 0C2DBF6826837413003C0BB1 /* PersonalWorkspaceCard.swift */; };
		0C2DBF6C26837571003C0BB1 /* Hashtag.swift in Sources */ = {isa = PBXBuildFile; fileRef = 0C2DBF6B26837571003C0BB1 /* Hashtag.swift */; };
		0C4C4B5C2687B24F00321E28 /* PersonalGoals.swift in Sources */ = {isa = PBXBuildFile; fileRef = 0C4C4B5B2687B24F00321E28 /* PersonalGoals.swift */; };
		0C57C70626860B3B002DD4E5 /* RightSideItems.swift in Sources */ = {isa = PBXBuildFile; fileRef = 0C57C70526860B3B002DD4E5 /* RightSideItems.swift */; };
		0C997C4D2687C321006C4F2A /* SharedWithYou.swift in Sources */ = {isa = PBXBuildFile; fileRef = 0C997C4C2687C321006C4F2A /* SharedWithYou.swift */; };
		0CBF84062680C48C008D5A40 /* SearchBar.swift in Sources */ = {isa = PBXBuildFile; fileRef = 0CBF84052680C48C008D5A40 /* SearchBar.swift */; };
		0CBF84082680CEDB008D5A40 /* Dropdown.swift in Sources */ = {isa = PBXBuildFile; fileRef = 0CBF84072680CEDB008D5A40 /* Dropdown.swift */; };
		0CBF840B268223A5008D5A40 /* Kanban.swift in Sources */ = {isa = PBXBuildFile; fileRef = 0CBF840A268223A5008D5A40 /* Kanban.swift */; };
		0CC5077B267E3D4E0004040C /* SharedWorkspace.swift in Sources */ = {isa = PBXBuildFile; fileRef = 0CC50779267E3D4E0004040C /* SharedWorkspace.swift */; };
		0CC5077C267E3D4E0004040C /* PersonalWorkspace.swift in Sources */ = {isa = PBXBuildFile; fileRef = 0CC5077A267E3D4E0004040C /* PersonalWorkspace.swift */; };
		0CC50783267E3D560004040C /* HomeView.swift in Sources */ = {isa = PBXBuildFile; fileRef = 0CC5077F267E3D560004040C /* HomeView.swift */; };
		0CC50784267E3D560004040C /* SharedWorkspaceView.swift in Sources */ = {isa = PBXBuildFile; fileRef = 0CC50780267E3D560004040C /* SharedWorkspaceView.swift */; };
		0CC50785267E3D560004040C /* ContentView.swift in Sources */ = {isa = PBXBuildFile; fileRef = 0CC50781267E3D560004040C /* ContentView.swift */; };
		0CC50786267E3D560004040C /* PersonalWorkspaceView.swift in Sources */ = {isa = PBXBuildFile; fileRef = 0CC50782267E3D560004040C /* PersonalWorkspaceView.swift */; };
		4B54B7AB2683626600D4D2C0 /* EmbeddedVideo.swift in Sources */ = {isa = PBXBuildFile; fileRef = 4B54B7A92683626600D4D2C0 /* EmbeddedVideo.swift */; };
		4B54B7AC2683626600D4D2C0 /* Video.swift in Sources */ = {isa = PBXBuildFile; fileRef = 4B54B7AA2683626600D4D2C0 /* Video.swift */; };
		5E04365C268B46AB0098EBC9 /* ImageView.swift in Sources */ = {isa = PBXBuildFile; fileRef = 5E04365B268B46AB0098EBC9 /* ImageView.swift */; };
		4B830B17268B419C003D5BF4 /* WebLink.swift in Sources */ = {isa = PBXBuildFile; fileRef = 4B830B16268B419C003D5BF4 /* WebLink.swift */; };
		5E805AF4267CEB4A00B39A6E /* LaserAppApp.swift in Sources */ = {isa = PBXBuildFile; fileRef = 5E805AF3267CEB4A00B39A6E /* LaserAppApp.swift */; };
		5E805AF8267CEB4B00B39A6E /* Assets.xcassets in Resources */ = {isa = PBXBuildFile; fileRef = 5E805AF7267CEB4B00B39A6E /* Assets.xcassets */; };
		5E805AFB267CEB4B00B39A6E /* Preview Assets.xcassets in Resources */ = {isa = PBXBuildFile; fileRef = 5E805AFA267CEB4B00B39A6E /* Preview Assets.xcassets */; };
		5EBF796B268612C20035E82A /* WorkspaceElement.swift in Sources */ = {isa = PBXBuildFile; fileRef = 5EBF796A268612C20035E82A /* WorkspaceElement.swift */; };
		5EDDE0EA268217FB00722604 /* PostIt.swift in Sources */ = {isa = PBXBuildFile; fileRef = 5EDDE0E9268217FB00722604 /* PostIt.swift */; };
		5EDDE0EC2682298700722604 /* Notes.swift in Sources */ = {isa = PBXBuildFile; fileRef = 5EDDE0EB2682298700722604 /* Notes.swift */; };
/* End PBXBuildFile section */

/* Begin PBXFileReference section */
		0C2DBF6826837413003C0BB1 /* PersonalWorkspaceCard.swift */ = {isa = PBXFileReference; lastKnownFileType = sourcecode.swift; path = PersonalWorkspaceCard.swift; sourceTree = "<group>"; };
		0C2DBF6B26837571003C0BB1 /* Hashtag.swift */ = {isa = PBXFileReference; lastKnownFileType = sourcecode.swift; path = Hashtag.swift; sourceTree = "<group>"; };
		0C4C4B5B2687B24F00321E28 /* PersonalGoals.swift */ = {isa = PBXFileReference; lastKnownFileType = sourcecode.swift; path = PersonalGoals.swift; sourceTree = "<group>"; };
		0C57C70526860B3B002DD4E5 /* RightSideItems.swift */ = {isa = PBXFileReference; lastKnownFileType = sourcecode.swift; path = RightSideItems.swift; sourceTree = "<group>"; };
		0C997C4C2687C321006C4F2A /* SharedWithYou.swift */ = {isa = PBXFileReference; lastKnownFileType = sourcecode.swift; path = SharedWithYou.swift; sourceTree = "<group>"; };
		0CBF84052680C48C008D5A40 /* SearchBar.swift */ = {isa = PBXFileReference; lastKnownFileType = sourcecode.swift; path = SearchBar.swift; sourceTree = "<group>"; };
		0CBF84072680CEDB008D5A40 /* Dropdown.swift */ = {isa = PBXFileReference; lastKnownFileType = sourcecode.swift; path = Dropdown.swift; sourceTree = "<group>"; };
		0CBF840A268223A5008D5A40 /* Kanban.swift */ = {isa = PBXFileReference; lastKnownFileType = sourcecode.swift; path = Kanban.swift; sourceTree = "<group>"; };
		0CC50779267E3D4E0004040C /* SharedWorkspace.swift */ = {isa = PBXFileReference; fileEncoding = 4; lastKnownFileType = sourcecode.swift; path = SharedWorkspace.swift; sourceTree = "<group>"; };
		0CC5077A267E3D4E0004040C /* PersonalWorkspace.swift */ = {isa = PBXFileReference; fileEncoding = 4; lastKnownFileType = sourcecode.swift; path = PersonalWorkspace.swift; sourceTree = "<group>"; };
		0CC5077F267E3D560004040C /* HomeView.swift */ = {isa = PBXFileReference; fileEncoding = 4; lastKnownFileType = sourcecode.swift; path = HomeView.swift; sourceTree = "<group>"; };
		0CC50780267E3D560004040C /* SharedWorkspaceView.swift */ = {isa = PBXFileReference; fileEncoding = 4; lastKnownFileType = sourcecode.swift; path = SharedWorkspaceView.swift; sourceTree = "<group>"; };
		0CC50781267E3D560004040C /* ContentView.swift */ = {isa = PBXFileReference; fileEncoding = 4; lastKnownFileType = sourcecode.swift; path = ContentView.swift; sourceTree = "<group>"; };
		0CC50782267E3D560004040C /* PersonalWorkspaceView.swift */ = {isa = PBXFileReference; fileEncoding = 4; lastKnownFileType = sourcecode.swift; path = PersonalWorkspaceView.swift; sourceTree = "<group>"; };
		4B54B7A92683626600D4D2C0 /* EmbeddedVideo.swift */ = {isa = PBXFileReference; fileEncoding = 4; lastKnownFileType = sourcecode.swift; path = EmbeddedVideo.swift; sourceTree = "<group>"; };
		4B54B7AA2683626600D4D2C0 /* Video.swift */ = {isa = PBXFileReference; fileEncoding = 4; lastKnownFileType = sourcecode.swift; path = Video.swift; sourceTree = "<group>"; };
		5E04365B268B46AB0098EBC9 /* ImageView.swift */ = {isa = PBXFileReference; lastKnownFileType = sourcecode.swift; path = ImageView.swift; sourceTree = "<group>"; };
		4B830B16268B419C003D5BF4 /* WebLink.swift */ = {isa = PBXFileReference; lastKnownFileType = sourcecode.swift; path = WebLink.swift; sourceTree = "<group>"; };
		5E805AF0267CEB4A00B39A6E /* Laser.app */ = {isa = PBXFileReference; explicitFileType = wrapper.application; includeInIndex = 0; path = Laser.app; sourceTree = BUILT_PRODUCTS_DIR; };
		5E805AF3267CEB4A00B39A6E /* LaserAppApp.swift */ = {isa = PBXFileReference; lastKnownFileType = sourcecode.swift; path = LaserAppApp.swift; sourceTree = "<group>"; };
		5E805AF7267CEB4B00B39A6E /* Assets.xcassets */ = {isa = PBXFileReference; lastKnownFileType = folder.assetcatalog; path = Assets.xcassets; sourceTree = "<group>"; };
		5E805AFA267CEB4B00B39A6E /* Preview Assets.xcassets */ = {isa = PBXFileReference; lastKnownFileType = folder.assetcatalog; path = "Preview Assets.xcassets"; sourceTree = "<group>"; };
		5E805AFC267CEB4B00B39A6E /* Info.plist */ = {isa = PBXFileReference; lastKnownFileType = text.plist.xml; path = Info.plist; sourceTree = "<group>"; };
		5E805AFD267CEB4B00B39A6E /* LaserApp.entitlements */ = {isa = PBXFileReference; lastKnownFileType = text.plist.entitlements; path = LaserApp.entitlements; sourceTree = "<group>"; };
		5EBF796A268612C20035E82A /* WorkspaceElement.swift */ = {isa = PBXFileReference; lastKnownFileType = sourcecode.swift; path = WorkspaceElement.swift; sourceTree = "<group>"; };
		5EDDE0E9268217FB00722604 /* PostIt.swift */ = {isa = PBXFileReference; lastKnownFileType = sourcecode.swift; path = PostIt.swift; sourceTree = "<group>"; };
		5EDDE0EB2682298700722604 /* Notes.swift */ = {isa = PBXFileReference; lastKnownFileType = sourcecode.swift; path = Notes.swift; sourceTree = "<group>"; };
/* End PBXFileReference section */

/* Begin PBXFrameworksBuildPhase section */
		5E805AED267CEB4A00B39A6E /* Frameworks */ = {
			isa = PBXFrameworksBuildPhase;
			buildActionMask = 2147483647;
			files = (
			);
			runOnlyForDeploymentPostprocessing = 0;
		};
/* End PBXFrameworksBuildPhase section */

/* Begin PBXGroup section */
		0CBF8409268201A3008D5A40 /* Utils */ = {
			isa = PBXGroup;
			children = (
				4B54B7A92683626600D4D2C0 /* EmbeddedVideo.swift */,
				0CBF84052680C48C008D5A40 /* SearchBar.swift */,
				0CBF84072680CEDB008D5A40 /* Dropdown.swift */,
				5EDDE0E9268217FB00722604 /* PostIt.swift */,
				4B54B7AA2683626600D4D2C0 /* Video.swift */,
				5EDDE0EB2682298700722604 /* Notes.swift */,
				0CBF840A268223A5008D5A40 /* Kanban.swift */,
				0C2DBF6826837413003C0BB1 /* PersonalWorkspaceCard.swift */,
				0C2DBF6B26837571003C0BB1 /* Hashtag.swift */,
				0C57C70526860B3B002DD4E5 /* RightSideItems.swift */,
				0C4C4B5B2687B24F00321E28 /* PersonalGoals.swift */,
				0C997C4C2687C321006C4F2A /* SharedWithYou.swift */,
				5E04365B268B46AB0098EBC9 /* ImageView.swift */,
				4B830B16268B419C003D5BF4 /* WebLink.swift */,
			);
			path = Utils;
			sourceTree = "<group>";
		};
		0CC50778267E3D4E0004040C /* Model */ = {
			isa = PBXGroup;
			children = (
				0CC50779267E3D4E0004040C /* SharedWorkspace.swift */,
				0CC5077A267E3D4E0004040C /* PersonalWorkspace.swift */,
				5EBF796A268612C20035E82A /* WorkspaceElement.swift */,
			);
			path = Model;
			sourceTree = "<group>";
		};
		0CC5077E267E3D560004040C /* View */ = {
			isa = PBXGroup;
			children = (
				0CC5077F267E3D560004040C /* HomeView.swift */,
				0CC50780267E3D560004040C /* SharedWorkspaceView.swift */,
				0CC50781267E3D560004040C /* ContentView.swift */,
				0CC50782267E3D560004040C /* PersonalWorkspaceView.swift */,
			);
			path = View;
			sourceTree = "<group>";
		};
		5E805AE7267CEB4A00B39A6E = {
			isa = PBXGroup;
			children = (
				5E805AF2267CEB4A00B39A6E /* LaserApp */,
				5E805AF1267CEB4A00B39A6E /* Products */,
			);
			sourceTree = "<group>";
		};
		5E805AF1267CEB4A00B39A6E /* Products */ = {
			isa = PBXGroup;
			children = (
				5E805AF0267CEB4A00B39A6E /* Laser.app */,
			);
			name = Products;
			sourceTree = "<group>";
		};
		5E805AF2267CEB4A00B39A6E /* LaserApp */ = {
			isa = PBXGroup;
			children = (
				0CBF8409268201A3008D5A40 /* Utils */,
				0CC5077E267E3D560004040C /* View */,
				0CC50778267E3D4E0004040C /* Model */,
				5E805AF3267CEB4A00B39A6E /* LaserAppApp.swift */,
				5E805AF7267CEB4B00B39A6E /* Assets.xcassets */,
				5E805AFC267CEB4B00B39A6E /* Info.plist */,
				5E805AFD267CEB4B00B39A6E /* LaserApp.entitlements */,
				5E805AF9267CEB4B00B39A6E /* Preview Content */,
			);
			path = LaserApp;
			sourceTree = "<group>";
		};
		5E805AF9267CEB4B00B39A6E /* Preview Content */ = {
			isa = PBXGroup;
			children = (
				5E805AFA267CEB4B00B39A6E /* Preview Assets.xcassets */,
			);
			path = "Preview Content";
			sourceTree = "<group>";
		};
/* End PBXGroup section */

/* Begin PBXNativeTarget section */
		5E805AEF267CEB4A00B39A6E /* Laser */ = {
			isa = PBXNativeTarget;
			buildConfigurationList = 5E805B00267CEB4B00B39A6E /* Build configuration list for PBXNativeTarget "Laser" */;
			buildPhases = (
				5E805AEC267CEB4A00B39A6E /* Sources */,
				5E805AED267CEB4A00B39A6E /* Frameworks */,
				5E805AEE267CEB4A00B39A6E /* Resources */,
			);
			buildRules = (
			);
			dependencies = (
			);
			name = Laser;
			productName = LaserApp;
			productReference = 5E805AF0267CEB4A00B39A6E /* Laser.app */;
			productType = "com.apple.product-type.application";
		};
/* End PBXNativeTarget section */

/* Begin PBXProject section */
		5E805AE8267CEB4A00B39A6E /* Project object */ = {
			isa = PBXProject;
			attributes = {
				LastSwiftUpdateCheck = 1250;
				LastUpgradeCheck = 1250;
				TargetAttributes = {
					5E805AEF267CEB4A00B39A6E = {
						CreatedOnToolsVersion = 12.5;
					};
				};
			};
			buildConfigurationList = 5E805AEB267CEB4A00B39A6E /* Build configuration list for PBXProject "Laser" */;
			compatibilityVersion = "Xcode 9.3";
			developmentRegion = en;
			hasScannedForEncodings = 0;
			knownRegions = (
				en,
				Base,
			);
			mainGroup = 5E805AE7267CEB4A00B39A6E;
			productRefGroup = 5E805AF1267CEB4A00B39A6E /* Products */;
			projectDirPath = "";
			projectRoot = "";
			targets = (
				5E805AEF267CEB4A00B39A6E /* Laser */,
			);
		};
/* End PBXProject section */

/* Begin PBXResourcesBuildPhase section */
		5E805AEE267CEB4A00B39A6E /* Resources */ = {
			isa = PBXResourcesBuildPhase;
			buildActionMask = 2147483647;
			files = (
				5E805AFB267CEB4B00B39A6E /* Preview Assets.xcassets in Resources */,
				5E805AF8267CEB4B00B39A6E /* Assets.xcassets in Resources */,
			);
			runOnlyForDeploymentPostprocessing = 0;
		};
/* End PBXResourcesBuildPhase section */

/* Begin PBXSourcesBuildPhase section */
		5E805AEC267CEB4A00B39A6E /* Sources */ = {
			isa = PBXSourcesBuildPhase;
			buildActionMask = 2147483647;
			files = (
				4B54B7AC2683626600D4D2C0 /* Video.swift in Sources */,
				0CC5077B267E3D4E0004040C /* SharedWorkspace.swift in Sources */,
				0CBF84082680CEDB008D5A40 /* Dropdown.swift in Sources */,
				0C2DBF6926837413003C0BB1 /* PersonalWorkspaceCard.swift in Sources */,
				0CC5077C267E3D4E0004040C /* PersonalWorkspace.swift in Sources */,
				5EDDE0EA268217FB00722604 /* PostIt.swift in Sources */,
				0CC50785267E3D560004040C /* ContentView.swift in Sources */,
				5E04365C268B46AB0098EBC9 /* ImageView.swift in Sources */,
				0C57C70626860B3B002DD4E5 /* RightSideItems.swift in Sources */,
				0CC50786267E3D560004040C /* PersonalWorkspaceView.swift in Sources */,
				5EDDE0EC2682298700722604 /* Notes.swift in Sources */,
				0C997C4D2687C321006C4F2A /* SharedWithYou.swift in Sources */,
				5EBF796B268612C20035E82A /* WorkspaceElement.swift in Sources */,
				0CC50783267E3D560004040C /* HomeView.swift in Sources */,
				4B54B7AB2683626600D4D2C0 /* EmbeddedVideo.swift in Sources */,
				0C2DBF6C26837571003C0BB1 /* Hashtag.swift in Sources */,
				0CBF84062680C48C008D5A40 /* SearchBar.swift in Sources */,
				5E805AF4267CEB4A00B39A6E /* LaserAppApp.swift in Sources */,
				0C4C4B5C2687B24F00321E28 /* PersonalGoals.swift in Sources */,
				4B830B17268B419C003D5BF4 /* WebLink.swift in Sources */,
				0CBF840B268223A5008D5A40 /* Kanban.swift in Sources */,
				0CC50784267E3D560004040C /* SharedWorkspaceView.swift in Sources */,
			);
			runOnlyForDeploymentPostprocessing = 0;
		};
/* End PBXSourcesBuildPhase section */

/* Begin XCBuildConfiguration section */
		5E805AFE267CEB4B00B39A6E /* Debug */ = {
			isa = XCBuildConfiguration;
			buildSettings = {
				ALWAYS_SEARCH_USER_PATHS = NO;
				CLANG_ANALYZER_NONNULL = YES;
				CLANG_ANALYZER_NUMBER_OBJECT_CONVERSION = YES_AGGRESSIVE;
				CLANG_CXX_LANGUAGE_STANDARD = "gnu++14";
				CLANG_CXX_LIBRARY = "libc++";
				CLANG_ENABLE_MODULES = YES;
				CLANG_ENABLE_OBJC_ARC = YES;
				CLANG_ENABLE_OBJC_WEAK = YES;
				CLANG_WARN_BLOCK_CAPTURE_AUTORELEASING = YES;
				CLANG_WARN_BOOL_CONVERSION = YES;
				CLANG_WARN_COMMA = YES;
				CLANG_WARN_CONSTANT_CONVERSION = YES;
				CLANG_WARN_DEPRECATED_OBJC_IMPLEMENTATIONS = YES;
				CLANG_WARN_DIRECT_OBJC_ISA_USAGE = YES_ERROR;
				CLANG_WARN_DOCUMENTATION_COMMENTS = YES;
				CLANG_WARN_EMPTY_BODY = YES;
				CLANG_WARN_ENUM_CONVERSION = YES;
				CLANG_WARN_INFINITE_RECURSION = YES;
				CLANG_WARN_INT_CONVERSION = YES;
				CLANG_WARN_NON_LITERAL_NULL_CONVERSION = YES;
				CLANG_WARN_OBJC_IMPLICIT_RETAIN_SELF = YES;
				CLANG_WARN_OBJC_LITERAL_CONVERSION = YES;
				CLANG_WARN_OBJC_ROOT_CLASS = YES_ERROR;
				CLANG_WARN_QUOTED_INCLUDE_IN_FRAMEWORK_HEADER = YES;
				CLANG_WARN_RANGE_LOOP_ANALYSIS = YES;
				CLANG_WARN_STRICT_PROTOTYPES = YES;
				CLANG_WARN_SUSPICIOUS_MOVE = YES;
				CLANG_WARN_UNGUARDED_AVAILABILITY = YES_AGGRESSIVE;
				CLANG_WARN_UNREACHABLE_CODE = YES;
				CLANG_WARN__DUPLICATE_METHOD_MATCH = YES;
				COPY_PHASE_STRIP = NO;
				DEBUG_INFORMATION_FORMAT = dwarf;
				ENABLE_STRICT_OBJC_MSGSEND = YES;
				ENABLE_TESTABILITY = YES;
				GCC_C_LANGUAGE_STANDARD = gnu11;
				GCC_DYNAMIC_NO_PIC = NO;
				GCC_NO_COMMON_BLOCKS = YES;
				GCC_OPTIMIZATION_LEVEL = 0;
				GCC_PREPROCESSOR_DEFINITIONS = (
					"DEBUG=1",
					"$(inherited)",
				);
				GCC_WARN_64_TO_32_BIT_CONVERSION = YES;
				GCC_WARN_ABOUT_RETURN_TYPE = YES_ERROR;
				GCC_WARN_UNDECLARED_SELECTOR = YES;
				GCC_WARN_UNINITIALIZED_AUTOS = YES_AGGRESSIVE;
				GCC_WARN_UNUSED_FUNCTION = YES;
				GCC_WARN_UNUSED_VARIABLE = YES;
				MACOSX_DEPLOYMENT_TARGET = 11.3;
				MTL_ENABLE_DEBUG_INFO = INCLUDE_SOURCE;
				MTL_FAST_MATH = YES;
				ONLY_ACTIVE_ARCH = YES;
				SDKROOT = macosx;
				SWIFT_ACTIVE_COMPILATION_CONDITIONS = DEBUG;
				SWIFT_OPTIMIZATION_LEVEL = "-Onone";
			};
			name = Debug;
		};
		5E805AFF267CEB4B00B39A6E /* Release */ = {
			isa = XCBuildConfiguration;
			buildSettings = {
				ALWAYS_SEARCH_USER_PATHS = NO;
				CLANG_ANALYZER_NONNULL = YES;
				CLANG_ANALYZER_NUMBER_OBJECT_CONVERSION = YES_AGGRESSIVE;
				CLANG_CXX_LANGUAGE_STANDARD = "gnu++14";
				CLANG_CXX_LIBRARY = "libc++";
				CLANG_ENABLE_MODULES = YES;
				CLANG_ENABLE_OBJC_ARC = YES;
				CLANG_ENABLE_OBJC_WEAK = YES;
				CLANG_WARN_BLOCK_CAPTURE_AUTORELEASING = YES;
				CLANG_WARN_BOOL_CONVERSION = YES;
				CLANG_WARN_COMMA = YES;
				CLANG_WARN_CONSTANT_CONVERSION = YES;
				CLANG_WARN_DEPRECATED_OBJC_IMPLEMENTATIONS = YES;
				CLANG_WARN_DIRECT_OBJC_ISA_USAGE = YES_ERROR;
				CLANG_WARN_DOCUMENTATION_COMMENTS = YES;
				CLANG_WARN_EMPTY_BODY = YES;
				CLANG_WARN_ENUM_CONVERSION = YES;
				CLANG_WARN_INFINITE_RECURSION = YES;
				CLANG_WARN_INT_CONVERSION = YES;
				CLANG_WARN_NON_LITERAL_NULL_CONVERSION = YES;
				CLANG_WARN_OBJC_IMPLICIT_RETAIN_SELF = YES;
				CLANG_WARN_OBJC_LITERAL_CONVERSION = YES;
				CLANG_WARN_OBJC_ROOT_CLASS = YES_ERROR;
				CLANG_WARN_QUOTED_INCLUDE_IN_FRAMEWORK_HEADER = YES;
				CLANG_WARN_RANGE_LOOP_ANALYSIS = YES;
				CLANG_WARN_STRICT_PROTOTYPES = YES;
				CLANG_WARN_SUSPICIOUS_MOVE = YES;
				CLANG_WARN_UNGUARDED_AVAILABILITY = YES_AGGRESSIVE;
				CLANG_WARN_UNREACHABLE_CODE = YES;
				CLANG_WARN__DUPLICATE_METHOD_MATCH = YES;
				COPY_PHASE_STRIP = NO;
				DEBUG_INFORMATION_FORMAT = "dwarf-with-dsym";
				ENABLE_NS_ASSERTIONS = NO;
				ENABLE_STRICT_OBJC_MSGSEND = YES;
				GCC_C_LANGUAGE_STANDARD = gnu11;
				GCC_NO_COMMON_BLOCKS = YES;
				GCC_WARN_64_TO_32_BIT_CONVERSION = YES;
				GCC_WARN_ABOUT_RETURN_TYPE = YES_ERROR;
				GCC_WARN_UNDECLARED_SELECTOR = YES;
				GCC_WARN_UNINITIALIZED_AUTOS = YES_AGGRESSIVE;
				GCC_WARN_UNUSED_FUNCTION = YES;
				GCC_WARN_UNUSED_VARIABLE = YES;
				MACOSX_DEPLOYMENT_TARGET = 11.3;
				MTL_ENABLE_DEBUG_INFO = NO;
				MTL_FAST_MATH = YES;
				SDKROOT = macosx;
				SWIFT_COMPILATION_MODE = wholemodule;
				SWIFT_OPTIMIZATION_LEVEL = "-O";
			};
			name = Release;
		};
		5E805B01267CEB4B00B39A6E /* Debug */ = {
			isa = XCBuildConfiguration;
			buildSettings = {
				ASSETCATALOG_COMPILER_APPICON_NAME = AppIcon;
				ASSETCATALOG_COMPILER_GLOBAL_ACCENT_COLOR_NAME = AccentColor;
				CODE_SIGN_ENTITLEMENTS = LaserApp/LaserApp.entitlements;
				CODE_SIGN_STYLE = Automatic;
				COMBINE_HIDPI_IMAGES = YES;
				DEVELOPMENT_ASSET_PATHS = "\"LaserApp/Preview Content\"";
				ENABLE_PREVIEWS = YES;
				INFOPLIST_FILE = LaserApp/Info.plist;
				LD_RUNPATH_SEARCH_PATHS = (
					"$(inherited)",
					"@executable_path/../Frameworks",
				);
				MACOSX_DEPLOYMENT_TARGET = 11.0;
				PRODUCT_BUNDLE_IDENTIFIER = br.brunothuma.LaserApp;
				PRODUCT_NAME = "$(TARGET_NAME)";
				SWIFT_VERSION = 5.0;
			};
			name = Debug;
		};
		5E805B02267CEB4B00B39A6E /* Release */ = {
			isa = XCBuildConfiguration;
			buildSettings = {
				ASSETCATALOG_COMPILER_APPICON_NAME = AppIcon;
				ASSETCATALOG_COMPILER_GLOBAL_ACCENT_COLOR_NAME = AccentColor;
				CODE_SIGN_ENTITLEMENTS = LaserApp/LaserApp.entitlements;
				CODE_SIGN_STYLE = Automatic;
				COMBINE_HIDPI_IMAGES = YES;
				DEVELOPMENT_ASSET_PATHS = "\"LaserApp/Preview Content\"";
				ENABLE_PREVIEWS = YES;
				INFOPLIST_FILE = LaserApp/Info.plist;
				LD_RUNPATH_SEARCH_PATHS = (
					"$(inherited)",
					"@executable_path/../Frameworks",
				);
				MACOSX_DEPLOYMENT_TARGET = 11.0;
				PRODUCT_BUNDLE_IDENTIFIER = br.brunothuma.LaserApp;
				PRODUCT_NAME = "$(TARGET_NAME)";
				SWIFT_VERSION = 5.0;
			};
			name = Release;
		};
/* End XCBuildConfiguration section */

/* Begin XCConfigurationList section */
		5E805AEB267CEB4A00B39A6E /* Build configuration list for PBXProject "Laser" */ = {
			isa = XCConfigurationList;
			buildConfigurations = (
				5E805AFE267CEB4B00B39A6E /* Debug */,
				5E805AFF267CEB4B00B39A6E /* Release */,
			);
			defaultConfigurationIsVisible = 0;
			defaultConfigurationName = Release;
		};
		5E805B00267CEB4B00B39A6E /* Build configuration list for PBXNativeTarget "Laser" */ = {
			isa = XCConfigurationList;
			buildConfigurations = (
				5E805B01267CEB4B00B39A6E /* Debug */,
				5E805B02267CEB4B00B39A6E /* Release */,
			);
			defaultConfigurationIsVisible = 0;
			defaultConfigurationName = Release;
		};
/* End XCConfigurationList section */
	};
	rootObject = 5E805AE8267CEB4A00B39A6E /* Project object */;
}
